// !$*UTF8*$!
{
	archiveVersion = 1;
	classes = {
	};
	objectVersion = 46;
	objects = {

/* Begin PBXBuildFile section */
		EBC785A11E6C7F2F001CF5CB /* AppDelegate.swift in Sources */ = {isa = PBXBuildFile; fileRef = EBC785A01E6C7F2F001CF5CB /* AppDelegate.swift */; };
		EBC785A31E6C7F2F001CF5CB /* ViewController.swift in Sources */ = {isa = PBXBuildFile; fileRef = EBC785A21E6C7F2F001CF5CB /* ViewController.swift */; };
		EBC785A61E6C7F2F001CF5CB /* Main.storyboard in Resources */ = {isa = PBXBuildFile; fileRef = EBC785A41E6C7F2F001CF5CB /* Main.storyboard */; };
		EBC785A81E6C7F2F001CF5CB /* Assets.xcassets in Resources */ = {isa = PBXBuildFile; fileRef = EBC785A71E6C7F2F001CF5CB /* Assets.xcassets */; };
		EBC785AB1E6C7F2F001CF5CB /* LaunchScreen.storyboard in Resources */ = {isa = PBXBuildFile; fileRef = EBC785A91E6C7F2F001CF5CB /* LaunchScreen.storyboard */; };
		EBC785B31E6C8275001CF5CB /* TableViewController.swift in Sources */ = {isa = PBXBuildFile; fileRef = EBC785B21E6C8275001CF5CB /* TableViewController.swift */; };
		EBC785B51E6C9444001CF5CB /* CustomTableViewCell.swift in Sources */ = {isa = PBXBuildFile; fileRef = EBC785B41E6C9444001CF5CB /* CustomTableViewCell.swift */; };
		EBC785B71E6C9952001CF5CB /* DetailViewController.swift in Sources */ = {isa = PBXBuildFile; fileRef = EBC785B61E6C9952001CF5CB /* DetailViewController.swift */; };
		EBC785B91E6CA647001CF5CB /* MyCustomWebViewController.swift in Sources */ = {isa = PBXBuildFile; fileRef = EBC785B81E6CA647001CF5CB /* MyCustomWebViewController.swift */; };
		EBC785BD1E6CB0CB001CF5CB /* img.png in Resources */ = {isa = PBXBuildFile; fileRef = EBC785BC1E6CB0CB001CF5CB /* img.png */; };
/* End PBXBuildFile section */

/* Begin PBXFileReference section */
		EBC7859D1E6C7F2F001CF5CB /* Outt.app */ = {isa = PBXFileReference; explicitFileType = wrapper.application; includeInIndex = 0; path = Outt.app; sourceTree = BUILT_PRODUCTS_DIR; };
		EBC785A01E6C7F2F001CF5CB /* AppDelegate.swift */ = {isa = PBXFileReference; lastKnownFileType = sourcecode.swift; path = AppDelegate.swift; sourceTree = "<group>"; };
		EBC785A21E6C7F2F001CF5CB /* ViewController.swift */ = {isa = PBXFileReference; lastKnownFileType = sourcecode.swift; path = ViewController.swift; sourceTree = "<group>"; };
		EBC785A51E6C7F2F001CF5CB /* Base */ = {isa = PBXFileReference; lastKnownFileType = file.storyboard; name = Base; path = Base.lproj/Main.storyboard; sourceTree = "<group>"; };
		EBC785A71E6C7F2F001CF5CB /* Assets.xcassets */ = {isa = PBXFileReference; lastKnownFileType = folder.assetcatalog; path = Assets.xcassets; sourceTree = "<group>"; };
		EBC785AA1E6C7F2F001CF5CB /* Base */ = {isa = PBXFileReference; lastKnownFileType = file.storyboard; name = Base; path = Base.lproj/LaunchScreen.storyboard; sourceTree = "<group>"; };
		EBC785AC1E6C7F2F001CF5CB /* Info.plist */ = {isa = PBXFileReference; lastKnownFileType = text.plist.xml; path = Info.plist; sourceTree = "<group>"; };
		EBC785B21E6C8275001CF5CB /* TableViewController.swift */ = {isa = PBXFileReference; fileEncoding = 4; lastKnownFileType = sourcecode.swift; path = TableViewController.swift; sourceTree = "<group>"; };
		EBC785B41E6C9444001CF5CB /* CustomTableViewCell.swift */ = {isa = PBXFileReference; fileEncoding = 4; lastKnownFileType = sourcecode.swift; path = CustomTableViewCell.swift; sourceTree = "<group>"; };
		EBC785B61E6C9952001CF5CB /* DetailViewController.swift */ = {isa = PBXFileReference; fileEncoding = 4; lastKnownFileType = sourcecode.swift; path = DetailViewController.swift; sourceTree = "<group>"; };
		EBC785B81E6CA647001CF5CB /* MyCustomWebViewController.swift */ = {isa = PBXFileReference; fileEncoding = 4; lastKnownFileType = sourcecode.swift; path = MyCustomWebViewController.swift; sourceTree = "<group>"; };
		EBC785BC1E6CB0CB001CF5CB /* img.png */ = {isa = PBXFileReference; lastKnownFileType = image.png; path = img.png; sourceTree = "<group>"; };
/* End PBXFileReference section */

/* Begin PBXFrameworksBuildPhase section */
		EBC7859A1E6C7F2F001CF5CB /* Frameworks */ = {
			isa = PBXFrameworksBuildPhase;
			buildActionMask = 2147483647;
			files = (
			);
			runOnlyForDeploymentPostprocessing = 0;
		};
/* End PBXFrameworksBuildPhase section */

/* Begin PBXGroup section */
		EBC785941E6C7F2F001CF5CB = {
			isa = PBXGroup;
			children = (
				EBC7859F1E6C7F2F001CF5CB /* Outt */,
				EBC7859E1E6C7F2F001CF5CB /* Products */,
			);
			sourceTree = "<group>";
		};
		EBC7859E1E6C7F2F001CF5CB /* Products */ = {
			isa = PBXGroup;
			children = (
				EBC7859D1E6C7F2F001CF5CB /* Outt.app */,
			);
			name = Products;
			sourceTree = "<group>";
		};
		EBC7859F1E6C7F2F001CF5CB /* Outt */ = {
			isa = PBXGroup;
			children = (
				EBC785BC1E6CB0CB001CF5CB /* img.png */,
				EBC785A01E6C7F2F001CF5CB /* AppDelegate.swift */,
				EBC785A21E6C7F2F001CF5CB /* ViewController.swift */,
				EBC785A41E6C7F2F001CF5CB /* Main.storyboard */,
				EBC785A71E6C7F2F001CF5CB /* Assets.xcassets */,
				EBC785A91E6C7F2F001CF5CB /* LaunchScreen.storyboard */,
				EBC785AC1E6C7F2F001CF5CB /* Info.plist */,
				EBC785B21E6C8275001CF5CB /* TableViewController.swift */,
				EBC785B41E6C9444001CF5CB /* CustomTableViewCell.swift */,
				EBC785B61E6C9952001CF5CB /* DetailViewController.swift */,
				EBC785B81E6CA647001CF5CB /* MyCustomWebViewController.swift */,
			);
			path = Outt;
			sourceTree = "<group>";
		};
/* End PBXGroup section */

/* Begin PBXNativeTarget section */
		EBC7859C1E6C7F2F001CF5CB /* Outt */ = {
			isa = PBXNativeTarget;
			buildConfigurationList = EBC785AF1E6C7F2F001CF5CB /* Build configuration list for PBXNativeTarget "Outt" */;
			buildPhases = (
				EBC785991E6C7F2F001CF5CB /* Sources */,
				EBC7859A1E6C7F2F001CF5CB /* Frameworks */,
				EBC7859B1E6C7F2F001CF5CB /* Resources */,
			);
			buildRules = (
			);
			dependencies = (
			);
			name = Outt;
			productName = Outt;
			productReference = EBC7859D1E6C7F2F001CF5CB /* Outt.app */;
			productType = "com.apple.product-type.application";
		};
/* End PBXNativeTarget section */

/* Begin PBXProject section */
		EBC785951E6C7F2F001CF5CB /* Project object */ = {
			isa = PBXProject;
			attributes = {
				LastSwiftUpdateCheck = 0820;
				LastUpgradeCheck = 0820;
				ORGANIZATIONNAME = NerdAttack;
				TargetAttributes = {
					EBC7859C1E6C7F2F001CF5CB = {
						CreatedOnToolsVersion = 8.2;
						DevelopmentTeam = U75E7JA324;
						ProvisioningStyle = Automatic;
					};
				};
			};
			buildConfigurationList = EBC785981E6C7F2F001CF5CB /* Build configuration list for PBXProject "Outt" */;
			compatibilityVersion = "Xcode 3.2";
			developmentRegion = English;
			hasScannedForEncodings = 0;
			knownRegions = (
				en,
				Base,
			);
			mainGroup = EBC785941E6C7F2F001CF5CB;
			productRefGroup = EBC7859E1E6C7F2F001CF5CB /* Products */;
			projectDirPath = "";
			projectRoot = "";
			targets = (
				EBC7859C1E6C7F2F001CF5CB /* Outt */,
			);
		};
/* End PBXProject section */

/* Begin PBXResourcesBuildPhase section */
		EBC7859B1E6C7F2F001CF5CB /* Resources */ = {
			isa = PBXResourcesBuildPhase;
			buildActionMask = 2147483647;
			files = (
				EBC785AB1E6C7F2F001CF5CB /* LaunchScreen.storyboard in Resources */,
				EBC785A81E6C7F2F001CF5CB /* Assets.xcassets in Resources */,
				EBC785A61E6C7F2F001CF5CB /* Main.storyboard in Resources */,
				EBC785BD1E6CB0CB001CF5CB /* img.png in Resources */,
			);
			runOnlyForDeploymentPostprocessing = 0;
		};
/* End PBXResourcesBuildPhase section */

/* Begin PBXSourcesBuildPhase section */
		EBC785991E6C7F2F001CF5CB /* Sources */ = {
			isa = PBXSourcesBuildPhase;
			buildActionMask = 2147483647;
			files = (
				EBC785A31E6C7F2F001CF5CB /* ViewController.swift in Sources */,
				EBC785B31E6C8275001CF5CB /* TableViewController.swift in Sources */,
				EBC785B91E6CA647001CF5CB /* MyCustomWebViewController.swift in Sources */,
				EBC785B71E6C9952001CF5CB /* DetailViewController.swift in Sources */,
				EBC785B51E6C9444001CF5CB /* CustomTableViewCell.swift in Sources */,
				EBC785A11E6C7F2F001CF5CB /* AppDelegate.swift in Sources */,
			);
			runOnlyForDeploymentPostprocessing = 0;
		};
/* End PBXSourcesBuildPhase section */

/* Begin PBXVariantGroup section */
		EBC785A41E6C7F2F001CF5CB /* Main.storyboard */ = {
			isa = PBXVariantGroup;
			children = (
				EBC785A51E6C7F2F001CF5CB /* Base */,
			);
			name = Main.storyboard;
			sourceTree = "<group>";
		};
		EBC785A91E6C7F2F001CF5CB /* LaunchScreen.storyboard */ = {
			isa = PBXVariantGroup;
			children = (
				EBC785AA1E6C7F2F001CF5CB /* Base */,
			);
			name = LaunchScreen.storyboard;
			sourceTree = "<group>";
		};
/* End PBXVariantGroup section */

/* Begin XCBuildConfiguration section */
		EBC785AD1E6C7F2F001CF5CB /* Debug */ = {
			isa = XCBuildConfiguration;
			buildSettings = {
				ALWAYS_SEARCH_USER_PATHS = NO;
				CLANG_ANALYZER_NONNULL = YES;
				CLANG_CXX_LANGUAGE_STANDARD = "gnu++0x";
				CLANG_CXX_LIBRARY = "libc++";
				CLANG_ENABLE_MODULES = YES;
				CLANG_ENABLE_OBJC_ARC = YES;
				CLANG_WARN_BOOL_CONVERSION = YES;
				CLANG_WARN_CONSTANT_CONVERSION = YES;
				CLANG_WARN_DIRECT_OBJC_ISA_USAGE = YES_ERROR;
				CLANG_WARN_DOCUMENTATION_COMMENTS = YES;
				CLANG_WARN_EMPTY_BODY = YES;
				CLANG_WARN_ENUM_CONVERSION = YES;
				CLANG_WARN_INFINITE_RECURSION = YES;
				CLANG_WARN_INT_CONVERSION = YES;
				CLANG_WARN_OBJC_ROOT_CLASS = YES_ERROR;
				CLANG_WARN_SUSPICIOUS_MOVE = YES;
				CLANG_WARN_UNREACHABLE_CODE = YES;
				CLANG_WARN__DUPLICATE_METHOD_MATCH = YES;
				"CODE_SIGN_IDENTITY[sdk=iphoneos*]" = "iPhone Developer";
				COPY_PHASE_STRIP = NO;
				DEBUG_INFORMATION_FORMAT = dwarf;
				ENABLE_STRICT_OBJC_MSGSEND = YES;
				ENABLE_TESTABILITY = YES;
				GCC_C_LANGUAGE_STANDARD = gnu99;
				GCC_DYNAMIC_NO_PIC = NO;
				GCC_NO_COMMON_BLOCKS = YES;
				GCC_OPTIMIZATION_LEVEL = 0;
				GCC_PREPROCESSOR_DEFINITIONS = (
					"DEBUG=1",
					"$(inherited)",
				);
				GCC_WARN_64_TO_32_BIT_CONVERSION = YES;
				GCC_WARN_ABOUT_RETURN_TYPE = YES_ERROR;
				GCC_WARN_UNDECLARED_SELECTOR = YES;
				GCC_WARN_UNINITIALIZED_AUTOS = YES_AGGRESSIVE;
				GCC_WARN_UNUSED_FUNCTION = YES;
				GCC_WARN_UNUSED_VARIABLE = YES;
				IPHONEOS_DEPLOYMENT_TARGET = 10.2;
				MTL_ENABLE_DEBUG_INFO = YES;
				ONLY_ACTIVE_ARCH = YES;
				SDKROOT = iphoneos;
				SWIFT_ACTIVE_COMPILATION_CONDITIONS = DEBUG;
				SWIFT_OPTIMIZATION_LEVEL = "-Onone";
			};
			name = Debug;
		};
		EBC785AE1E6C7F2F001CF5CB /* Release */ = {
			isa = XCBuildConfiguration;
			buildSettings = {
				ALWAYS_SEARCH_USER_PATHS = NO;
				CLANG_ANALYZER_NONNULL = YES;
				CLANG_CXX_LANGUAGE_STANDARD = "gnu++0x";
				CLANG_CXX_LIBRARY = "libc++";
				CLANG_ENABLE_MODULES = YES;
				CLANG_ENABLE_OBJC_ARC = YES;
				CLANG_WARN_BOOL_CONVERSION = YES;
				CLANG_WARN_CONSTANT_CONVERSION = YES;
				CLANG_WARN_DIRECT_OBJC_ISA_USAGE = YES_ERROR;
				CLANG_WARN_DOCUMENTATION_COMMENTS = YES;
				CLANG_WARN_EMPTY_BODY = YES;
				CLANG_WARN_ENUM_CONVERSION = YES;
				CLANG_WARN_INFINITE_RECURSION = YES;
				CLANG_WARN_INT_CONVERSION = YES;
				CLANG_WARN_OBJC_ROOT_CLASS = YES_ERROR;
				CLANG_WARN_SUSPICIOUS_MOVE = YES;
				CLANG_WARN_UNREACHABLE_CODE = YES;
				CLANG_WARN__DUPLICATE_METHOD_MATCH = YES;
				"CODE_SIGN_IDENTITY[sdk=iphoneos*]" = "iPhone Developer";
				COPY_PHASE_STRIP = NO;
				DEBUG_INFORMATION_FORMAT = "dwarf-with-dsym";
				ENABLE_NS_ASSERTIONS = NO;
				ENABLE_STRICT_OBJC_MSGSEND = YES;
				GCC_C_LANGUAGE_STANDARD = gnu99;
				GCC_NO_COMMON_BLOCKS = YES;
				GCC_WARN_64_TO_32_BIT_CONVERSION = YES;
				GCC_WARN_ABOUT_RETURN_TYPE = YES_ERROR;
				GCC_WARN_UNDECLARED_SELECTOR = YES;
				GCC_WARN_UNINITIALIZED_AUTOS = YES_AGGRESSIVE;
				GCC_WARN_UNUSED_FUNCTION = YES;
				GCC_WARN_UNUSED_VARIABLE = YES;
				IPHONEOS_DEPLOYMENT_TARGET = 10.2;
				MTL_ENABLE_DEBUG_INFO = NO;
				SDKROOT = iphoneos;
				SWIFT_OPTIMIZATION_LEVEL = "-Owholemodule";
				VALIDATE_PRODUCT = YES;
			};
			name = Release;
		};
		EBC785B01E6C7F2F001CF5CB /* Debug */ = {
			isa = XCBuildConfiguration;
			buildSettings = {
				ASSETCATALOG_COMPILER_APPICON_NAME = AppIcon;
				DEVELOPMENT_TEAM = U75E7JA324;
				INFOPLIST_FILE = Outt/Info.plist;
				LD_RUNPATH_SEARCH_PATHS = "$(inherited) @executable_path/Frameworks";
				PRODUCT_BUNDLE_IDENTIFIER = com.NerdAttack.Outt;
				PRODUCT_NAME = "$(TARGET_NAME)";
				SWIFT_VERSION = 3.0;
			};
			name = Debug;
		};
		EBC785B11E6C7F2F001CF5CB /* Release */ = {
			isa = XCBuildConfiguration;
			buildSettings = {
				ASSETCATALOG_COMPILER_APPICON_NAME = AppIcon;
				DEVELOPMENT_TEAM = U75E7JA324;
				INFOPLIST_FILE = Outt/Info.plist;
				LD_RUNPATH_SEARCH_PATHS = "$(inherited) @executable_path/Frameworks";
				PRODUCT_BUNDLE_IDENTIFIER = com.NerdAttack.Outt;
				PRODUCT_NAME = "$(TARGET_NAME)";
				SWIFT_VERSION = 3.0;
			};
			name = Release;
		};
/* End XCBuildConfiguration section */

/* Begin XCConfigurationList section */
		EBC785981E6C7F2F001CF5CB /* Build configuration list for PBXProject "Outt" */ = {
			isa = XCConfigurationList;
			buildConfigurations = (
				EBC785AD1E6C7F2F001CF5CB /* Debug */,
				EBC785AE1E6C7F2F001CF5CB /* Release */,
			);
			defaultConfigurationIsVisible = 0;
			defaultConfigurationName = Release;
		};
		EBC785AF1E6C7F2F001CF5CB /* Build configuration list for PBXNativeTarget "Outt" */ = {
			isa = XCConfigurationList;
			buildConfigurations = (
				EBC785B01E6C7F2F001CF5CB /* Debug */,
				EBC785B11E6C7F2F001CF5CB /* Release */,
			);
			defaultConfigurationIsVisible = 0;
		};
/* End XCConfigurationList section */
	};
	rootObject = EBC785951E6C7F2F001CF5CB /* Project object */;
}
